
Microsoft Visual Studio Solution File, Format Version 12.00
# Visual Studio Version 17
VisualStudioVersion = 17.6.33815.320
MinimumVisualStudioVersion = 10.0.40219.1
Project("{FAE04EC0-301F-11D3-BF4B-00C04F79EFBC}") = "Cocktail.Test.API", "Cocktail.Test.API\Cocktail.Test.API.csproj", "{35A7E2DB-8296-41A6-93CD-26E79916E9A2}"
EndProject
Global
	GlobalSection(SolutionConfigurationPlatforms) = preSolution
		Debug|Any CPU = Debug|Any CPU
		Release|Any CPU = Release|Any CPU
	EndGlobalSection
	GlobalSection(ProjectConfigurationPlatforms) = postSolution
		{35A7E2DB-8296-41A6-93CD-26E79916E9A2}.Debug|Any CPU.ActiveCfg = Debug|Any CPU
		{35A7E2DB-8296-41A6-93CD-26E79916E9A2}.Debug|Any CPU.Build.0 = Debug|Any CPU
		{35A7E2DB-8296-41A6-93CD-26E79916E9A2}.Release|Any CPU.ActiveCfg = Release|Any CPU
		{35A7E2DB-8296-41A6-93CD-26E79916E9A2}.Release|Any CPU.Build.0 = Release|Any CPU
	EndGlobalSection
	GlobalSection(SolutionProperties) = preSolution
		HideSolutionNode = FALSE
	EndGlobalSection
	GlobalSection(ExtensibilityGlobals) = postSolution
		SolutionGuid = {044CF938-1DB6-4FA3-AC00-D31C39F41332}
	EndGlobalSection
EndGlobal
